// !$*UTF8*$!
{
	archiveVersion = 1;
	classes = {
	};
	objectVersion = 46;
	objects = {

/* Begin PBXBuildFile section */
		099C2E9755565C157E2F88AA /* libPods-Instagram.a in Frameworks */ = {isa = PBXBuildFile; fileRef = D7D5D54835AAFEA2FEC17BCD /* libPods-Instagram.a */; };
		5B2B53A81BA7595400800D89 /* main.m in Sources */ = {isa = PBXBuildFile; fileRef = 5B2B53A71BA7595400800D89 /* main.m */; };
		5B2B53AB1BA7595400800D89 /* AppDelegate.m in Sources */ = {isa = PBXBuildFile; fileRef = 5B2B53AA1BA7595400800D89 /* AppDelegate.m */; };
		5B2B53B11BA7595400800D89 /* Main.storyboard in Resources */ = {isa = PBXBuildFile; fileRef = 5B2B53AF1BA7595400800D89 /* Main.storyboard */; };
		5B2B53B31BA7595400800D89 /* Images.xcassets in Resources */ = {isa = PBXBuildFile; fileRef = 5B2B53B21BA7595400800D89 /* Images.xcassets */; };
		5B2B53B61BA7595400800D89 /* LaunchScreen.xib in Resources */ = {isa = PBXBuildFile; fileRef = 5B2B53B41BA7595400800D89 /* LaunchScreen.xib */; };
		5B2B53C21BA7595400800D89 /* InstagramTests.m in Sources */ = {isa = PBXBuildFile; fileRef = 5B2B53C11BA7595400800D89 /* InstagramTests.m */; };
		5B2B53CD1BA75FF600800D89 /* PhotosViewController.m in Sources */ = {isa = PBXBuildFile; fileRef = 5B2B53CC1BA75FF600800D89 /* PhotosViewController.m */; };
		5B2B53D01BA766CA00800D89 /* CustomTableViewCell.m in Sources */ = {isa = PBXBuildFile; fileRef = 5B2B53CF1BA766CA00800D89 /* CustomTableViewCell.m */; };
		5B2B53D31BA7849900800D89 /* DeatailViewController.m in Sources */ = {isa = PBXBuildFile; fileRef = 5B2B53D21BA7849900800D89 /* DeatailViewController.m */; };
		5B2B53E21BA7A14C00800D89 /* SecCustomView.m in Sources */ = {isa = PBXBuildFile; fileRef = 5B2B53E11BA7A14C00800D89 /* SecCustomView.m */; };
/* End PBXBuildFile section */

/* Begin PBXContainerItemProxy section */
		5B2B53BC1BA7595400800D89 /* PBXContainerItemProxy */ = {
			isa = PBXContainerItemProxy;
			containerPortal = 5B2B539A1BA7595400800D89 /* Project object */;
			proxyType = 1;
			remoteGlobalIDString = 5B2B53A11BA7595400800D89;
			remoteInfo = Instagram;
		};
/* End PBXContainerItemProxy section */

/* Begin PBXFileReference section */
		5656A38ABE5AA144D6C57D89 /* Pods-Instagram.debug.xcconfig */ = {isa = PBXFileReference; includeInIndex = 1; lastKnownFileType = text.xcconfig; name = "Pods-Instagram.debug.xcconfig"; path = "Pods/Target Support Files/Pods-Instagram/Pods-Instagram.debug.xcconfig"; sourceTree = "<group>"; };
		5B2B53A21BA7595400800D89 /* Instagram.app */ = {isa = PBXFileReference; explicitFileType = wrapper.application; includeInIndex = 0; path = Instagram.app; sourceTree = BUILT_PRODUCTS_DIR; };
		5B2B53A61BA7595400800D89 /* Info.plist */ = {isa = PBXFileReference; lastKnownFileType = text.plist.xml; path = Info.plist; sourceTree = "<group>"; };
		5B2B53A71BA7595400800D89 /* main.m */ = {isa = PBXFileReference; lastKnownFileType = sourcecode.c.objc; path = main.m; sourceTree = "<group>"; };
		5B2B53A91BA7595400800D89 /* AppDelegate.h */ = {isa = PBXFileReference; lastKnownFileType = sourcecode.c.h; path = AppDelegate.h; sourceTree = "<group>"; };
		5B2B53AA1BA7595400800D89 /* AppDelegate.m */ = {isa = PBXFileReference; lastKnownFileType = sourcecode.c.objc; path = AppDelegate.m; sourceTree = "<group>"; };
		5B2B53B01BA7595400800D89 /* Base */ = {isa = PBXFileReference; lastKnownFileType = file.storyboard; name = Base; path = Base.lproj/Main.storyboard; sourceTree = "<group>"; };
		5B2B53B21BA7595400800D89 /* Images.xcassets */ = {isa = PBXFileReference; lastKnownFileType = folder.assetcatalog; path = Images.xcassets; sourceTree = "<group>"; };
		5B2B53B51BA7595400800D89 /* Base */ = {isa = PBXFileReference; lastKnownFileType = file.xib; name = Base; path = Base.lproj/LaunchScreen.xib; sourceTree = "<group>"; };
		5B2B53BB1BA7595400800D89 /* InstagramTests.xctest */ = {isa = PBXFileReference; explicitFileType = wrapper.cfbundle; includeInIndex = 0; path = InstagramTests.xctest; sourceTree = BUILT_PRODUCTS_DIR; };
		5B2B53C01BA7595400800D89 /* Info.plist */ = {isa = PBXFileReference; lastKnownFileType = text.plist.xml; path = Info.plist; sourceTree = "<group>"; };
		5B2B53C11BA7595400800D89 /* InstagramTests.m */ = {isa = PBXFileReference; lastKnownFileType = sourcecode.c.objc; path = InstagramTests.m; sourceTree = "<group>"; };
		5B2B53CB1BA75FF600800D89 /* PhotosViewController.h */ = {isa = PBXFileReference; fileEncoding = 4; lastKnownFileType = sourcecode.c.h; path = PhotosViewController.h; sourceTree = "<group>"; };
		5B2B53CC1BA75FF600800D89 /* PhotosViewController.m */ = {isa = PBXFileReference; fileEncoding = 4; lastKnownFileType = sourcecode.c.objc; path = PhotosViewController.m; sourceTree = "<group>"; };
		5B2B53CE1BA766CA00800D89 /* CustomTableViewCell.h */ = {isa = PBXFileReference; fileEncoding = 4; lastKnownFileType = sourcecode.c.h; path = CustomTableViewCell.h; sourceTree = "<group>"; };
		5B2B53CF1BA766CA00800D89 /* CustomTableViewCell.m */ = {isa = PBXFileReference; fileEncoding = 4; lastKnownFileType = sourcecode.c.objc; path = CustomTableViewCell.m; sourceTree = "<group>"; };
		5B2B53D11BA7849900800D89 /* DeatailViewController.h */ = {isa = PBXFileReference; fileEncoding = 4; lastKnownFileType = sourcecode.c.h; path = DeatailViewController.h; sourceTree = "<group>"; };
		5B2B53D21BA7849900800D89 /* DeatailViewController.m */ = {isa = PBXFileReference; fileEncoding = 4; lastKnownFileType = sourcecode.c.objc; path = DeatailViewController.m; sourceTree = "<group>"; };
		5B2B53E01BA7A14C00800D89 /* SecCustomView.h */ = {isa = PBXFileReference; fileEncoding = 4; lastKnownFileType = sourcecode.c.h; path = SecCustomView.h; sourceTree = "<group>"; };
		5B2B53E11BA7A14C00800D89 /* SecCustomView.m */ = {isa = PBXFileReference; fileEncoding = 4; lastKnownFileType = sourcecode.c.objc; path = SecCustomView.m; sourceTree = "<group>"; };
		7F09BC61C650DBC790BAF115 /* Pods-Instagram.release.xcconfig */ = {isa = PBXFileReference; includeInIndex = 1; lastKnownFileType = text.xcconfig; name = "Pods-Instagram.release.xcconfig"; path = "Pods/Target Support Files/Pods-Instagram/Pods-Instagram.release.xcconfig"; sourceTree = "<group>"; };
		D7D5D54835AAFEA2FEC17BCD /* libPods-Instagram.a */ = {isa = PBXFileReference; explicitFileType = archive.ar; includeInIndex = 0; path = "libPods-Instagram.a"; sourceTree = BUILT_PRODUCTS_DIR; };
/* End PBXFileReference section */

/* Begin PBXFrameworksBuildPhase section */
		5B2B539F1BA7595400800D89 /* Frameworks */ = {
			isa = PBXFrameworksBuildPhase;
			buildActionMask = 2147483647;
			files = (
				099C2E9755565C157E2F88AA /* libPods-Instagram.a in Frameworks */,
			);
			runOnlyForDeploymentPostprocessing = 0;
		};
		5B2B53B81BA7595400800D89 /* Frameworks */ = {
			isa = PBXFrameworksBuildPhase;
			buildActionMask = 2147483647;
			files = (
			);
			runOnlyForDeploymentPostprocessing = 0;
		};
/* End PBXFrameworksBuildPhase section */

/* Begin PBXGroup section */
		53EDD3CB24B807B8FB18D89F /* Frameworks */ = {
			isa = PBXGroup;
			children = (
				D7D5D54835AAFEA2FEC17BCD /* libPods-Instagram.a */,
			);
			name = Frameworks;
			sourceTree = "<group>";
		};
		5B2B53991BA7595400800D89 = {
			isa = PBXGroup;
			children = (
				5B2B53A41BA7595400800D89 /* Instagram */,
				5B2B53BE1BA7595400800D89 /* InstagramTests */,
				5B2B53A31BA7595400800D89 /* Products */,
				7B7E953E5351EA1B434DDAED /* Pods */,
				53EDD3CB24B807B8FB18D89F /* Frameworks */,
			);
			sourceTree = "<group>";
		};
		5B2B53A31BA7595400800D89 /* Products */ = {
			isa = PBXGroup;
			children = (
				5B2B53A21BA7595400800D89 /* Instagram.app */,
				5B2B53BB1BA7595400800D89 /* InstagramTests.xctest */,
			);
			name = Products;
			sourceTree = "<group>";
		};
		5B2B53A41BA7595400800D89 /* Instagram */ = {
			isa = PBXGroup;
			children = (
				5B2B53A91BA7595400800D89 /* AppDelegate.h */,
				5B2B53AA1BA7595400800D89 /* AppDelegate.m */,
				5B2B53AF1BA7595400800D89 /* Main.storyboard */,
				5B2B53B21BA7595400800D89 /* Images.xcassets */,
				5B2B53B41BA7595400800D89 /* LaunchScreen.xib */,
				5B2B53A51BA7595400800D89 /* Supporting Files */,
				5B2B53CB1BA75FF600800D89 /* PhotosViewController.h */,
				5B2B53CC1BA75FF600800D89 /* PhotosViewController.m */,
				5B2B53CE1BA766CA00800D89 /* CustomTableViewCell.h */,
				5B2B53CF1BA766CA00800D89 /* CustomTableViewCell.m */,
				5B2B53D11BA7849900800D89 /* DeatailViewController.h */,
				5B2B53D21BA7849900800D89 /* DeatailViewController.m */,
				5B2B53E01BA7A14C00800D89 /* SecCustomView.h */,
				5B2B53E11BA7A14C00800D89 /* SecCustomView.m */,
			);
			path = Instagram;
			sourceTree = "<group>";
		};
		5B2B53A51BA7595400800D89 /* Supporting Files */ = {
			isa = PBXGroup;
			children = (
				5B2B53A61BA7595400800D89 /* Info.plist */,
				5B2B53A71BA7595400800D89 /* main.m */,
			);
			name = "Supporting Files";
			sourceTree = "<group>";
		};
		5B2B53BE1BA7595400800D89 /* InstagramTests */ = {
			isa = PBXGroup;
			children = (
				5B2B53C11BA7595400800D89 /* InstagramTests.m */,
				5B2B53BF1BA7595400800D89 /* Supporting Files */,
			);
			path = InstagramTests;
			sourceTree = "<group>";
		};
		5B2B53BF1BA7595400800D89 /* Supporting Files */ = {
			isa = PBXGroup;
			children = (
				5B2B53C01BA7595400800D89 /* Info.plist */,
			);
			name = "Supporting Files";
			sourceTree = "<group>";
		};
		7B7E953E5351EA1B434DDAED /* Pods */ = {
			isa = PBXGroup;
			children = (
				5656A38ABE5AA144D6C57D89 /* Pods-Instagram.debug.xcconfig */,
				7F09BC61C650DBC790BAF115 /* Pods-Instagram.release.xcconfig */,
			);
			name = Pods;
			sourceTree = "<group>";
		};
/* End PBXGroup section */

/* Begin PBXNativeTarget section */
		5B2B53A11BA7595400800D89 /* Instagram */ = {
			isa = PBXNativeTarget;
			buildConfigurationList = 5B2B53C51BA7595400800D89 /* Build configuration list for PBXNativeTarget "Instagram" */;
			buildPhases = (
				69A0716D55C01034D8C8FE6F /* Check Pods Manifest.lock */,
				5B2B539E1BA7595400800D89 /* Sources */,
				5B2B539F1BA7595400800D89 /* Frameworks */,
				5B2B53A01BA7595400800D89 /* Resources */,
				F5CC763830C43C71D36C808E /* Copy Pods Resources */,
			);
			buildRules = (
			);
			dependencies = (
			);
			name = Instagram;
			productName = Instagram;
			productReference = 5B2B53A21BA7595400800D89 /* Instagram.app */;
			productType = "com.apple.product-type.application";
		};
		5B2B53BA1BA7595400800D89 /* InstagramTests */ = {
			isa = PBXNativeTarget;
			buildConfigurationList = 5B2B53C81BA7595400800D89 /* Build configuration list for PBXNativeTarget "InstagramTests" */;
			buildPhases = (
				5B2B53B71BA7595400800D89 /* Sources */,
				5B2B53B81BA7595400800D89 /* Frameworks */,
				5B2B53B91BA7595400800D89 /* Resources */,
			);
			buildRules = (
			);
			dependencies = (
				5B2B53BD1BA7595400800D89 /* PBXTargetDependency */,
			);
			name = InstagramTests;
			productName = InstagramTests;
			productReference = 5B2B53BB1BA7595400800D89 /* InstagramTests.xctest */;
			productType = "com.apple.product-type.bundle.unit-test";
		};
/* End PBXNativeTarget section */

/* Begin PBXProject section */
		5B2B539A1BA7595400800D89 /* Project object */ = {
			isa = PBXProject;
			attributes = {
				LastUpgradeCheck = 0640;
				ORGANIZATIONNAME = "anjaneya kamat";
				TargetAttributes = {
					5B2B53A11BA7595400800D89 = {
						CreatedOnToolsVersion = 6.4;
					};
					5B2B53BA1BA7595400800D89 = {
						CreatedOnToolsVersion = 6.4;
						TestTargetID = 5B2B53A11BA7595400800D89;
					};
				};
			};
			buildConfigurationList = 5B2B539D1BA7595400800D89 /* Build configuration list for PBXProject "Instagram" */;
			compatibilityVersion = "Xcode 3.2";
			developmentRegion = English;
			hasScannedForEncodings = 0;
			knownRegions = (
				en,
				Base,
			);
			mainGroup = 5B2B53991BA7595400800D89;
			productRefGroup = 5B2B53A31BA7595400800D89 /* Products */;
			projectDirPath = "";
			projectRoot = "";
			targets = (
				5B2B53A11BA7595400800D89 /* Instagram */,
				5B2B53BA1BA7595400800D89 /* InstagramTests */,
			);
		};
/* End PBXProject section */

/* Begin PBXResourcesBuildPhase section */
		5B2B53A01BA7595400800D89 /* Resources */ = {
			isa = PBXResourcesBuildPhase;
			buildActionMask = 2147483647;
			files = (
				5B2B53B11BA7595400800D89 /* Main.storyboard in Resources */,
				5B2B53B61BA7595400800D89 /* LaunchScreen.xib in Resources */,
				5B2B53B31BA7595400800D89 /* Images.xcassets in Resources */,
			);
			runOnlyForDeploymentPostprocessing = 0;
		};
		5B2B53B91BA7595400800D89 /* Resources */ = {
			isa = PBXResourcesBuildPhase;
			buildActionMask = 2147483647;
			files = (
			);
			runOnlyForDeploymentPostprocessing = 0;
		};
/* End PBXResourcesBuildPhase section */

/* Begin PBXShellScriptBuildPhase section */
		69A0716D55C01034D8C8FE6F /* Check Pods Manifest.lock */ = {
			isa = PBXShellScriptBuildPhase;
			buildActionMask = 2147483647;
			files = (
			);
			inputPaths = (
			);
			name = "Check Pods Manifest.lock";
			outputPaths = (
			);
			runOnlyForDeploymentPostprocessing = 0;
			shellPath = /bin/sh;
			shellScript = "diff \"${PODS_ROOT}/../Podfile.lock\" \"${PODS_ROOT}/Manifest.lock\" > /dev/null\nif [[ $? != 0 ]] ; then\n    cat << EOM\nerror: The sandbox is not in sync with the Podfile.lock. Run 'pod install' or update your CocoaPods installation.\nEOM\n    exit 1\nfi\n";
			showEnvVarsInLog = 0;
		};
		F5CC763830C43C71D36C808E /* Copy Pods Resources */ = {
			isa = PBXShellScriptBuildPhase;
			buildActionMask = 2147483647;
			files = (
			);
			inputPaths = (
			);
			name = "Copy Pods Resources";
			outputPaths = (
			);
			runOnlyForDeploymentPostprocessing = 0;
			shellPath = /bin/sh;
			shellScript = "\"${SRCROOT}/Pods/Target Support Files/Pods-Instagram/Pods-Instagram-resources.sh\"\n";
			showEnvVarsInLog = 0;
		};
/* End PBXShellScriptBuildPhase section */

/* Begin PBXSourcesBuildPhase section */
		5B2B539E1BA7595400800D89 /* Sources */ = {
			isa = PBXSourcesBuildPhase;
			buildActionMask = 2147483647;
			files = (
				5B2B53AB1BA7595400800D89 /* AppDelegate.m in Sources */,
				5B2B53CD1BA75FF600800D89 /* PhotosViewController.m in Sources */,
				5B2B53D31BA7849900800D89 /* DeatailViewController.m in Sources */,
				5B2B53E21BA7A14C00800D89 /* SecCustomView.m in Sources */,
				5B2B53D01BA766CA00800D89 /* CustomTableViewCell.m in Sources */,
				5B2B53A81BA7595400800D89 /* main.m in Sources */,
			);
			runOnlyForDeploymentPostprocessing = 0;
		};
		5B2B53B71BA7595400800D89 /* Sources */ = {
			isa = PBXSourcesBuildPhase;
			buildActionMask = 2147483647;
			files = (
				5B2B53C21BA7595400800D89 /* InstagramTests.m in Sources */,
			);
			runOnlyForDeploymentPostprocessing = 0;
		};
/* End PBXSourcesBuildPhase section */

/* Begin PBXTargetDependency section */
		5B2B53BD1BA7595400800D89 /* PBXTargetDependency */ = {
			isa = PBXTargetDependency;
			target = 5B2B53A11BA7595400800D89 /* Instagram */;
			targetProxy = 5B2B53BC1BA7595400800D89 /* PBXContainerItemProxy */;
		};
/* End PBXTargetDependency section */

/* Begin PBXVariantGroup section */
		5B2B53AF1BA7595400800D89 /* Main.storyboard */ = {
			isa = PBXVariantGroup;
			children = (
				5B2B53B01BA7595400800D89 /* Base */,
			);
			name = Main.storyboard;
			sourceTree = "<group>";
		};
		5B2B53B41BA7595400800D89 /* LaunchScreen.xib */ = {
			isa = PBXVariantGroup;
			children = (
				5B2B53B51BA7595400800D89 /* Base */,
			);
			name = LaunchScreen.xib;
			sourceTree = "<group>";
		};
/* End PBXVariantGroup section */

/* Begin XCBuildConfiguration section */
		5B2B53C31BA7595400800D89 /* Debug */ = {
			isa = XCBuildConfiguration;
			buildSettings = {
				ALWAYS_SEARCH_USER_PATHS = NO;
				CLANG_CXX_LANGUAGE_STANDARD = "gnu++0x";
				CLANG_CXX_LIBRARY = "libc++";
				CLANG_ENABLE_MODULES = YES;
				CLANG_ENABLE_OBJC_ARC = YES;
				CLANG_WARN_BOOL_CONVERSION = YES;
				CLANG_WARN_CONSTANT_CONVERSION = YES;
				CLANG_WARN_DIRECT_OBJC_ISA_USAGE = YES_ERROR;
				CLANG_WARN_EMPTY_BODY = YES;
				CLANG_WARN_ENUM_CONVERSION = YES;
				CLANG_WARN_INT_CONVERSION = YES;
				CLANG_WARN_OBJC_ROOT_CLASS = YES_ERROR;
				CLANG_WARN_UNREACHABLE_CODE = YES;
				CLANG_WARN__DUPLICATE_METHOD_MATCH = YES;
				"CODE_SIGN_IDENTITY[sdk=iphoneos*]" = "iPhone Developer";
				COPY_PHASE_STRIP = NO;
				DEBUG_INFORMATION_FORMAT = "dwarf-with-dsym";
				ENABLE_STRICT_OBJC_MSGSEND = YES;
				GCC_C_LANGUAGE_STANDARD = gnu99;
				GCC_DYNAMIC_NO_PIC = NO;
				GCC_NO_COMMON_BLOCKS = YES;
				GCC_OPTIMIZATION_LEVEL = 0;
				GCC_PREPROCESSOR_DEFINITIONS = (
					"DEBUG=1",
					"$(inherited)",
				);
				GCC_SYMBOLS_PRIVATE_EXTERN = NO;
				GCC_WARN_64_TO_32_BIT_CONVERSION = YES;
				GCC_WARN_ABOUT_RETURN_TYPE = YES_ERROR;
				GCC_WARN_UNDECLARED_SELECTOR = YES;
				GCC_WARN_UNINITIALIZED_AUTOS = YES_AGGRESSIVE;
				GCC_WARN_UNUSED_FUNCTION = YES;
				GCC_WARN_UNUSED_VARIABLE = YES;
				IPHONEOS_DEPLOYMENT_TARGET = 8.4;
				MTL_ENABLE_DEBUG_INFO = YES;
				ONLY_ACTIVE_ARCH = YES;
				SDKROOT = iphoneos;
				TARGETED_DEVICE_FAMILY = "1,2";
			};
			name = Debug;
		};
		5B2B53C41BA7595400800D89 /* Release */ = {
			isa = XCBuildConfiguration;
			buildSettings = {
				ALWAYS_SEARCH_USER_PATHS = NO;
				CLANG_CXX_LANGUAGE_STANDARD = "gnu++0x";
				CLANG_CXX_LIBRARY = "libc++";
				CLANG_ENABLE_MODULES = YES;
				CLANG_ENABLE_OBJC_ARC = YES;
				CLANG_WARN_BOOL_CONVERSION = YES;
				CLANG_WARN_CONSTANT_CONVERSION = YES;
				CLANG_WARN_DIRECT_OBJC_ISA_USAGE = YES_ERROR;
				CLANG_WARN_EMPTY_BODY = YES;
				CLANG_WARN_ENUM_CONVERSION = YES;
				CLANG_WARN_INT_CONVERSION = YES;
				CLANG_WARN_OBJC_ROOT_CLASS = YES_ERROR;
				CLANG_WARN_UNREACHABLE_CODE = YES;
				CLANG_WARN__DUPLICATE_METHOD_MATCH = YES;
				"CODE_SIGN_IDENTITY[sdk=iphoneos*]" = "iPhone Developer";
				COPY_PHASE_STRIP = NO;
				DEBUG_INFORMATION_FORMAT = "dwarf-with-dsym";
				ENABLE_NS_ASSERTIONS = NO;
				ENABLE_STRICT_OBJC_MSGSEND = YES;
				GCC_C_LANGUAGE_STANDARD = gnu99;
				GCC_NO_COMMON_BLOCKS = YES;
				GCC_WARN_64_TO_32_BIT_CONVERSION = YES;
				GCC_WARN_ABOUT_RETURN_TYPE = YES_ERROR;
				GCC_WARN_UNDECLARED_SELECTOR = YES;
				GCC_WARN_UNINITIALIZED_AUTOS = YES_AGGRESSIVE;
				GCC_WARN_UNUSED_FUNCTION = YES;
				GCC_WARN_UNUSED_VARIABLE = YES;
				IPHONEOS_DEPLOYMENT_TARGET = 8.4;
				MTL_ENABLE_DEBUG_INFO = NO;
				SDKROOT = iphoneos;
				TARGETED_DEVICE_FAMILY = "1,2";
				VALIDATE_PRODUCT = YES;
			};
			name = Release;
		};
		5B2B53C61BA7595400800D89 /* Debug */ = {
			isa = XCBuildConfiguration;
			baseConfigurationReference = 5656A38ABE5AA144D6C57D89 /* Pods-Instagram.debug.xcconfig */;
			buildSettings = {
				ASSETCATALOG_COMPILER_APPICON_NAME = AppIcon;
				INFOPLIST_FILE = Instagram/Info.plist;
				LD_RUNPATH_SEARCH_PATHS = "$(inherited) @executable_path/Frameworks";
				PRODUCT_NAME = "$(TARGET_NAME)";
			};
			name = Debug;
		};
		5B2B53C71BA7595400800D89 /* Release */ = {
			isa = XCBuildConfiguration;
			baseConfigurationReference = 7F09BC61C650DBC790BAF115 /* Pods-Instagram.release.xcconfig */;
			buildSettings = {
				ASSETCATALOG_COMPILER_APPICON_NAME = AppIcon;
				INFOPLIST_FILE = Instagram/Info.plist;
				LD_RUNPATH_SEARCH_PATHS = "$(inherited) @executable_path/Frameworks";
				PRODUCT_NAME = "$(TARGET_NAME)";
			};
			name = Release;
		};
		5B2B53C91BA7595400800D89 /* Debug */ = {
			isa = XCBuildConfiguration;
			buildSettings = {
				BUNDLE_LOADER = "$(TEST_HOST)";
				FRAMEWORK_SEARCH_PATHS = (
					"$(SDKROOT)/Developer/Library/Frameworks",
					"$(inherited)",
				);
				GCC_PREPROCESSOR_DEFINITIONS = (
					"DEBUG=1",
					"$(inherited)",
				);
				INFOPLIST_FILE = InstagramTests/Info.plist;
				LD_RUNPATH_SEARCH_PATHS = "$(inherited) @executable_path/Frameworks @loader_path/Frameworks";
				PRODUCT_NAME = "$(TARGET_NAME)";
				TEST_HOST = "$(BUILT_PRODUCTS_DIR)/Instagram.app/Instagram";
			};
			name = Debug;
		};
		5B2B53CA1BA7595400800D89 /* Release */ = {
			isa = XCBuildConfiguration;
			buildSettings = {
				BUNDLE_LOADER = "$(TEST_HOST)";
				FRAMEWORK_SEARCH_PATHS = (
					"$(SDKROOT)/Developer/Library/Frameworks",
					"$(inherited)",
				);
				INFOPLIST_FILE = InstagramTests/Info.plist;
				LD_RUNPATH_SEARCH_PATHS = "$(inherited) @executable_path/Frameworks @loader_path/Frameworks";
				PRODUCT_NAME = "$(TARGET_NAME)";
				TEST_HOST = "$(BUILT_PRODUCTS_DIR)/Instagram.app/Instagram";
			};
			name = Release;
		};
/* End XCBuildConfiguration section */

/* Begin XCConfigurationList section */
		5B2B539D1BA7595400800D89 /* Build configuration list for PBXProject "Instagram" */ = {
			isa = XCConfigurationList;
			buildConfigurations = (
				5B2B53C31BA7595400800D89 /* Debug */,
				5B2B53C41BA7595400800D89 /* Release */,
			);
			defaultConfigurationIsVisible = 0;
			defaultConfigurationName = Release;
		};
		5B2B53C51BA7595400800D89 /* Build configuration list for PBXNativeTarget "Instagram" */ = {
			isa = XCConfigurationList;
			buildConfigurations = (
				5B2B53C61BA7595400800D89 /* Debug */,
				5B2B53C71BA7595400800D89 /* Release */,
			);
			defaultConfigurationIsVisible = 0;
			defaultConfigurationName = Release;
		};
		5B2B53C81BA7595400800D89 /* Build configuration list for PBXNativeTarget "InstagramTests" */ = {
			isa = XCConfigurationList;
			buildConfigurations = (
				5B2B53C91BA7595400800D89 /* Debug */,
				5B2B53CA1BA7595400800D89 /* Release */,
			);
			defaultConfigurationIsVisible = 0;
			defaultConfigurationName = Release;
		};
/* End XCConfigurationList section */
	};
	rootObject = 5B2B539A1BA7595400800D89 /* Project object */;
}
